
Microsoft Visual Studio Solution File, Format Version 12.00
# Visual Studio Version 16
VisualStudioVersion = 16.0.31424.327
MinimumVisualStudioVersion = 10.0.40219.1
Project("{9A19103F-16F7-4668-BE54-9A1E7A4F7556}") = "1.RemoveDuplicates", "1.RemoveDuplicates.csproj", "{D4AF99E3-465F-476E-B426-B338AA062276}"
EndProject
Project("{FAE04EC0-301F-11D3-BF4B-00C04F79EFBC}") = "2.MaxProfit", "..\MaxProfit\2.MaxProfit.csproj", "{AE361637-F1C6-446D-BEB5-088A96A9E0EC}"
EndProject
Global
	GlobalSection(SolutionConfigurationPlatforms) = preSolution
		Debug|Any CPU = Debug|Any CPU
		Release|Any CPU = Release|Any CPU
	EndGlobalSection
	GlobalSection(ProjectConfigurationPlatforms) = postSolution
		{D4AF99E3-465F-476E-B426-B338AA062276}.Debug|Any CPU.ActiveCfg = Debug|Any CPU
		{D4AF99E3-465F-476E-B426-B338AA062276}.Debug|Any CPU.Build.0 = Debug|Any CPU
		{D4AF99E3-465F-476E-B426-B338AA062276}.Release|Any CPU.ActiveCfg = Release|Any CPU
		{D4AF99E3-465F-476E-B426-B338AA062276}.Release|Any CPU.Build.0 = Release|Any CPU
		{AE361637-F1C6-446D-BEB5-088A96A9E0EC}.Debug|Any CPU.ActiveCfg = Debug|Any CPU
		{AE361637-F1C6-446D-BEB5-088A96A9E0EC}.Debug|Any CPU.Build.0 = Debug|Any CPU
		{AE361637-F1C6-446D-BEB5-088A96A9E0EC}.Release|Any CPU.ActiveCfg = Release|Any CPU
		{AE361637-F1C6-446D-BEB5-088A96A9E0EC}.Release|Any CPU.Build.0 = Release|Any CPU
	EndGlobalSection
	GlobalSection(SolutionProperties) = preSolution
		HideSolutionNode = FALSE
	EndGlobalSection
	GlobalSection(ExtensibilityGlobals) = postSolution
		SolutionGuid = {8B8F23D4-7968-414E-A72C-26704444A33C}
	EndGlobalSection
EndGlobal
