
Microsoft Visual Studio Solution File, Format Version 12.00
# Visual Studio Version 16
VisualStudioVersion = 16.0.31424.327
MinimumVisualStudioVersion = 10.0.40219.1
Project("{9A19103F-16F7-4668-BE54-9A1E7A4F7556}") = "1.RemoveDuplicates", "1.RemoveDuplicates\1.RemoveDuplicates.csproj", "{D4AF99E3-465F-476E-B426-B338AA062276}"
EndProject
Project("{9A19103F-16F7-4668-BE54-9A1E7A4F7556}") = "2.MaxProfit", "2.MaxProfit\2.MaxProfit.csproj", "{AE361637-F1C6-446D-BEB5-088A96A9E0EC}"
EndProject
Project("{9A19103F-16F7-4668-BE54-9A1E7A4F7556}") = "3.RotateArray", "3.RotateArray\3.RotateArray.csproj", "{44C808F6-7428-4BF5-95CC-D9ACE0704743}"
EndProject
Project("{9A19103F-16F7-4668-BE54-9A1E7A4F7556}") = "4.ContainsDuplicate", "4.ContainsDuplicate\4.ContainsDuplicate.csproj", "{F3998078-D0A1-4856-96D8-437FC86BA6C1}"
EndProject
Project("{9A19103F-16F7-4668-BE54-9A1E7A4F7556}") = "5.SingleNumber", "5.SingleNumber\5.SingleNumber.csproj", "{70BCE970-84F8-4646-B3A9-BA9370A99176}"
EndProject
Project("{9A19103F-16F7-4668-BE54-9A1E7A4F7556}") = "6.Intersect", "6.Intersect\6.Intersect.csproj", "{3A1E8200-D001-4F9C-A684-8DF276F9B626}"
EndProject
Project("{9A19103F-16F7-4668-BE54-9A1E7A4F7556}") = "7.PlusOne", "7.PlusOne\7.PlusOne.csproj", "{6A5D50D2-2AB5-4BB9-ADF5-C8BA765202A3}"
EndProject
Project("{9A19103F-16F7-4668-BE54-9A1E7A4F7556}") = "8.MoveZeroes", "8.MoveZeroes\8.MoveZeroes.csproj", "{6136C29A-C4F2-44F6-A6A1-FC87140B5327}"
EndProject
Project("{9A19103F-16F7-4668-BE54-9A1E7A4F7556}") = "9.TwoSum", "9.TwoSum\9.TwoSum.csproj", "{018DBFE0-6BC9-4ACB-A5A7-6E40F5389482}"
EndProject
Project("{9A19103F-16F7-4668-BE54-9A1E7A4F7556}") = "10.IsValidSudoku", "10.IsValidSudoku\10.IsValidSudoku.csproj", "{2B5F5AB0-F330-4143-847D-C90B7E8DFCF4}"
EndProject
Project("{9A19103F-16F7-4668-BE54-9A1E7A4F7556}") = "11.Rotate", "11.Rotate\11.Rotate.csproj", "{F9125014-1D67-4B06-B7EF-6D160E061CE1}"
EndProject
Project("{9A19103F-16F7-4668-BE54-9A1E7A4F7556}") = "12.ReverseString", "12.ReverseString\12.ReverseString.csproj", "{37D4554E-6A16-4CDA-8117-6C40919CF3F3}"
EndProject
Project("{9A19103F-16F7-4668-BE54-9A1E7A4F7556}") = "13.Reverse", "13.Reverse\13.Reverse.csproj", "{6DE6B3B2-59EF-47E9-A49A-2D7FD5DE1293}"
EndProject
Project("{9A19103F-16F7-4668-BE54-9A1E7A4F7556}") = "14.FirstUniqChar", "14.FirstUniqChar\14.FirstUniqChar.csproj", "{3D8106B3-E415-4AEE-A31A-22976A88D37B}"
EndProject
Project("{9A19103F-16F7-4668-BE54-9A1E7A4F7556}") = "15.IsAnagram", "15.IsAnagram\15.IsAnagram.csproj", "{52CA5D35-F56C-41F1-A904-9CA4D9C9A3E6}"
EndProject
Project("{9A19103F-16F7-4668-BE54-9A1E7A4F7556}") = "16.IsPalindrome", "16.IsPalindrome\16.IsPalindrome.csproj", "{5ADEC055-1857-45F0-8F1F-8AD314A65FA0}"
EndProject
Project("{9A19103F-16F7-4668-BE54-9A1E7A4F7556}") = "17.MyAtoi", "17.MyAtoi\17.MyAtoi.csproj", "{2BA1962E-2A7F-4C42-87ED-F6FAC8726CD3}"
EndProject
Project("{9A19103F-16F7-4668-BE54-9A1E7A4F7556}") = "18.StrStr", "18.StrStr\18.StrStr.csproj", "{D99C8D7A-A9C9-422E-B05F-91E34BABFFA3}"
EndProject
Project("{9A19103F-16F7-4668-BE54-9A1E7A4F7556}") = "19.CountAndSay", "19.CountAndSay\19.CountAndSay.csproj", "{615D3649-0FF8-4867-8D3D-9999258C8502}"
EndProject
Project("{9A19103F-16F7-4668-BE54-9A1E7A4F7556}") = "20.LongestCommonPrefix", "20.LongestCommonPrefix\20.LongestCommonPrefix.csproj", "{5F35FACE-1C92-4405-9156-F806DFDD5495}"
EndProject
Project("{9A19103F-16F7-4668-BE54-9A1E7A4F7556}") = "21.DeleteNode", "21.DeleteNode\21.DeleteNode.csproj", "{DAC561EB-7609-4D4D-9E62-A919BBE63E21}"
EndProject
Project("{9A19103F-16F7-4668-BE54-9A1E7A4F7556}") = "22.RemoveNthFromEnd", "22.RemoveNthFromEnd\22.RemoveNthFromEnd.csproj", "{F41D0EF2-7697-4461-A9E6-644282EC89C5}"
EndProject
Project("{9A19103F-16F7-4668-BE54-9A1E7A4F7556}") = "23.ReverseList", "23.ReverseList\23.ReverseList.csproj", "{464A2D1A-51E4-4F48-905F-F94FB821D24C}"
EndProject
Project("{9A19103F-16F7-4668-BE54-9A1E7A4F7556}") = "24.MergeTwoLists", "24.MergeTwoLists\24.MergeTwoLists.csproj", "{A302AF57-6D24-4650-BBDC-920871AD95E2}"
EndProject
Project("{9A19103F-16F7-4668-BE54-9A1E7A4F7556}") = "25.IsPalindrome", "25.IsPalindrome\25.IsPalindrome.csproj", "{29597E06-F45E-4C31-A9B6-FB8B70C2D994}"
EndProject
Project("{9A19103F-16F7-4668-BE54-9A1E7A4F7556}") = "26.hasCycle", "26.hasCycle\26.hasCycle.csproj", "{6A55FD63-3A34-43CB-8757-B51BB18FED58}"
EndProject
Project("{9A19103F-16F7-4668-BE54-9A1E7A4F7556}") = "27.MaxDepth", "27.MaxDepth\27.MaxDepth.csproj", "{3449AD9E-FC36-4456-AD2F-1DB0C3879611}"
EndProject
Project("{9A19103F-16F7-4668-BE54-9A1E7A4F7556}") = "28.IsValidBST", "28.IsValidBST\28.IsValidBST.csproj", "{EF5B2BA0-B6A1-4DE0-8DA1-56B2D7DC7DD5}"
EndProject
Project("{9A19103F-16F7-4668-BE54-9A1E7A4F7556}") = "29.IsSymmetric", "29.IsSymmetric\29.IsSymmetric.csproj", "{03D667D0-BFD1-45C2-AF4B-37CF7D985720}"
EndProject
Project("{9A19103F-16F7-4668-BE54-9A1E7A4F7556}") = "30.LevelOrder", "30.LevelOrder\30.LevelOrder.csproj", "{38D2A1BC-2E4D-4638-81E3-20C2C18C1A87}"
EndProject
Project("{9A19103F-16F7-4668-BE54-9A1E7A4F7556}") = "31.SortedArrayToBST", "31.SortedArrayToBST\31.SortedArrayToBST.csproj", "{BE1EE5CF-4386-4E06-A147-76F68119680F}"
EndProject
Project("{9A19103F-16F7-4668-BE54-9A1E7A4F7556}") = "32.Merge", "32.Merge\32.Merge.csproj", "{6576934C-C16B-4A2C-8F2D-B067297DA7DD}"
EndProject
Project("{9A19103F-16F7-4668-BE54-9A1E7A4F7556}") = "33.FirstBadVersion", "33.FirstBadVersion\33.FirstBadVersion.csproj", "{3A619A42-0C3E-46AD-9DD6-23E53A96A86A}"
EndProject
Project("{9A19103F-16F7-4668-BE54-9A1E7A4F7556}") = "34.ClimbStairs", "34.ClimbStairs\34.ClimbStairs.csproj", "{77EBFC44-CBB2-4F11-8E68-B5913AFBCBD0}"
EndProject
Project("{9A19103F-16F7-4668-BE54-9A1E7A4F7556}") = "35.MaxProfit", "35.MaxProfit\35.MaxProfit.csproj", "{26C42D50-C385-4A2B-873F-92ACD2A34619}"
EndProject
Project("{9A19103F-16F7-4668-BE54-9A1E7A4F7556}") = "36.MaxSubArray", "36.MaxSubArray\36.MaxSubArray.csproj", "{A549EE39-EDF5-4E97-AA4C-847B03793CB0}"
EndProject
Project("{9A19103F-16F7-4668-BE54-9A1E7A4F7556}") = "37.Rob", "37.Rob\37.Rob.csproj", "{46D0F820-E402-4C60-8B5D-E404D8886D2D}"
EndProject
Project("{9A19103F-16F7-4668-BE54-9A1E7A4F7556}") = "38.Solution", "38.Solution\38.Solution.csproj", "{9D3633CA-D7BC-4A9B-9100-F5346B5164B4}"
EndProject
Project("{9A19103F-16F7-4668-BE54-9A1E7A4F7556}") = "39.MinStack", "39.MinStack\39.MinStack.csproj", "{23034AEA-764D-404A-8FE3-70D35977991D}"
EndProject
Project("{9A19103F-16F7-4668-BE54-9A1E7A4F7556}") = "40.FizzBuzz", "40.FizzBuzz\40.FizzBuzz.csproj", "{8CDE40C4-D2B6-469A-86E7-684C8D59EC30}"
EndProject
Project("{9A19103F-16F7-4668-BE54-9A1E7A4F7556}") = "41.CountPrimes", "41.CountPrimes\41.CountPrimes.csproj", "{B0628BE4-FD2F-489F-93B5-AEF5D60B43C6}"
EndProject
Project("{9A19103F-16F7-4668-BE54-9A1E7A4F7556}") = "42.IsPowerOfThree", "42.IsPowerOfThree\42.IsPowerOfThree.csproj", "{F07F3280-DA20-493B-B4BF-5B9B800EA86A}"
EndProject
Project("{9A19103F-16F7-4668-BE54-9A1E7A4F7556}") = "43.RomanToInt", "43.RomanToInt\43.RomanToInt.csproj", "{07A65959-2887-4993-BEE7-5DCC2F2D67F1}"
EndProject
Project("{9A19103F-16F7-4668-BE54-9A1E7A4F7556}") = "44.HammingWeight", "44.HammingWeight\44.HammingWeight.csproj", "{240025A2-E9EE-4412-830B-A667279831BD}"
EndProject
Project("{9A19103F-16F7-4668-BE54-9A1E7A4F7556}") = "45.HammingDistance", "45.HammingDistance\45.HammingDistance.csproj", "{7B132088-572E-4308-ADA5-36E31813BB99}"
EndProject
Project("{9A19103F-16F7-4668-BE54-9A1E7A4F7556}") = "46.reverseBits", "46.reverseBits\46.reverseBits.csproj", "{D628D99B-775B-4B44-BF6E-FB5DE16557EA}"
EndProject
Project("{FAE04EC0-301F-11D3-BF4B-00C04F79EFBC}") = "47.Generate", "47.Generate\47.Generate.csproj", "{804636FD-F7E1-4EE1-903E-6C410449AC99}"
EndProject
Global
	GlobalSection(SolutionConfigurationPlatforms) = preSolution
		Debug|Any CPU = Debug|Any CPU
		Release|Any CPU = Release|Any CPU
	EndGlobalSection
	GlobalSection(ProjectConfigurationPlatforms) = postSolution
		{D4AF99E3-465F-476E-B426-B338AA062276}.Debug|Any CPU.ActiveCfg = Debug|Any CPU
		{D4AF99E3-465F-476E-B426-B338AA062276}.Debug|Any CPU.Build.0 = Debug|Any CPU
		{D4AF99E3-465F-476E-B426-B338AA062276}.Release|Any CPU.ActiveCfg = Release|Any CPU
		{D4AF99E3-465F-476E-B426-B338AA062276}.Release|Any CPU.Build.0 = Release|Any CPU
		{AE361637-F1C6-446D-BEB5-088A96A9E0EC}.Debug|Any CPU.ActiveCfg = Debug|Any CPU
		{AE361637-F1C6-446D-BEB5-088A96A9E0EC}.Debug|Any CPU.Build.0 = Debug|Any CPU
		{AE361637-F1C6-446D-BEB5-088A96A9E0EC}.Release|Any CPU.ActiveCfg = Release|Any CPU
		{AE361637-F1C6-446D-BEB5-088A96A9E0EC}.Release|Any CPU.Build.0 = Release|Any CPU
		{44C808F6-7428-4BF5-95CC-D9ACE0704743}.Debug|Any CPU.ActiveCfg = Debug|Any CPU
		{44C808F6-7428-4BF5-95CC-D9ACE0704743}.Debug|Any CPU.Build.0 = Debug|Any CPU
		{44C808F6-7428-4BF5-95CC-D9ACE0704743}.Release|Any CPU.ActiveCfg = Release|Any CPU
		{44C808F6-7428-4BF5-95CC-D9ACE0704743}.Release|Any CPU.Build.0 = Release|Any CPU
		{F3998078-D0A1-4856-96D8-437FC86BA6C1}.Debug|Any CPU.ActiveCfg = Debug|Any CPU
		{F3998078-D0A1-4856-96D8-437FC86BA6C1}.Debug|Any CPU.Build.0 = Debug|Any CPU
		{F3998078-D0A1-4856-96D8-437FC86BA6C1}.Release|Any CPU.ActiveCfg = Release|Any CPU
		{F3998078-D0A1-4856-96D8-437FC86BA6C1}.Release|Any CPU.Build.0 = Release|Any CPU
		{70BCE970-84F8-4646-B3A9-BA9370A99176}.Debug|Any CPU.ActiveCfg = Debug|Any CPU
		{70BCE970-84F8-4646-B3A9-BA9370A99176}.Debug|Any CPU.Build.0 = Debug|Any CPU
		{70BCE970-84F8-4646-B3A9-BA9370A99176}.Release|Any CPU.ActiveCfg = Release|Any CPU
		{70BCE970-84F8-4646-B3A9-BA9370A99176}.Release|Any CPU.Build.0 = Release|Any CPU
		{3A1E8200-D001-4F9C-A684-8DF276F9B626}.Debug|Any CPU.ActiveCfg = Debug|Any CPU
		{3A1E8200-D001-4F9C-A684-8DF276F9B626}.Debug|Any CPU.Build.0 = Debug|Any CPU
		{3A1E8200-D001-4F9C-A684-8DF276F9B626}.Release|Any CPU.ActiveCfg = Release|Any CPU
		{3A1E8200-D001-4F9C-A684-8DF276F9B626}.Release|Any CPU.Build.0 = Release|Any CPU
		{6A5D50D2-2AB5-4BB9-ADF5-C8BA765202A3}.Debug|Any CPU.ActiveCfg = Debug|Any CPU
		{6A5D50D2-2AB5-4BB9-ADF5-C8BA765202A3}.Debug|Any CPU.Build.0 = Debug|Any CPU
		{6A5D50D2-2AB5-4BB9-ADF5-C8BA765202A3}.Release|Any CPU.ActiveCfg = Release|Any CPU
		{6A5D50D2-2AB5-4BB9-ADF5-C8BA765202A3}.Release|Any CPU.Build.0 = Release|Any CPU
		{6136C29A-C4F2-44F6-A6A1-FC87140B5327}.Debug|Any CPU.ActiveCfg = Debug|Any CPU
		{6136C29A-C4F2-44F6-A6A1-FC87140B5327}.Debug|Any CPU.Build.0 = Debug|Any CPU
		{6136C29A-C4F2-44F6-A6A1-FC87140B5327}.Release|Any CPU.ActiveCfg = Release|Any CPU
		{6136C29A-C4F2-44F6-A6A1-FC87140B5327}.Release|Any CPU.Build.0 = Release|Any CPU
		{018DBFE0-6BC9-4ACB-A5A7-6E40F5389482}.Debug|Any CPU.ActiveCfg = Debug|Any CPU
		{018DBFE0-6BC9-4ACB-A5A7-6E40F5389482}.Debug|Any CPU.Build.0 = Debug|Any CPU
		{018DBFE0-6BC9-4ACB-A5A7-6E40F5389482}.Release|Any CPU.ActiveCfg = Release|Any CPU
		{018DBFE0-6BC9-4ACB-A5A7-6E40F5389482}.Release|Any CPU.Build.0 = Release|Any CPU
		{2B5F5AB0-F330-4143-847D-C90B7E8DFCF4}.Debug|Any CPU.ActiveCfg = Debug|Any CPU
		{2B5F5AB0-F330-4143-847D-C90B7E8DFCF4}.Debug|Any CPU.Build.0 = Debug|Any CPU
		{2B5F5AB0-F330-4143-847D-C90B7E8DFCF4}.Release|Any CPU.ActiveCfg = Release|Any CPU
		{2B5F5AB0-F330-4143-847D-C90B7E8DFCF4}.Release|Any CPU.Build.0 = Release|Any CPU
		{F9125014-1D67-4B06-B7EF-6D160E061CE1}.Debug|Any CPU.ActiveCfg = Debug|Any CPU
		{F9125014-1D67-4B06-B7EF-6D160E061CE1}.Debug|Any CPU.Build.0 = Debug|Any CPU
		{F9125014-1D67-4B06-B7EF-6D160E061CE1}.Release|Any CPU.ActiveCfg = Release|Any CPU
		{F9125014-1D67-4B06-B7EF-6D160E061CE1}.Release|Any CPU.Build.0 = Release|Any CPU
		{37D4554E-6A16-4CDA-8117-6C40919CF3F3}.Debug|Any CPU.ActiveCfg = Debug|Any CPU
		{37D4554E-6A16-4CDA-8117-6C40919CF3F3}.Debug|Any CPU.Build.0 = Debug|Any CPU
		{37D4554E-6A16-4CDA-8117-6C40919CF3F3}.Release|Any CPU.ActiveCfg = Release|Any CPU
		{37D4554E-6A16-4CDA-8117-6C40919CF3F3}.Release|Any CPU.Build.0 = Release|Any CPU
		{6DE6B3B2-59EF-47E9-A49A-2D7FD5DE1293}.Debug|Any CPU.ActiveCfg = Debug|Any CPU
		{6DE6B3B2-59EF-47E9-A49A-2D7FD5DE1293}.Debug|Any CPU.Build.0 = Debug|Any CPU
		{6DE6B3B2-59EF-47E9-A49A-2D7FD5DE1293}.Release|Any CPU.ActiveCfg = Release|Any CPU
		{6DE6B3B2-59EF-47E9-A49A-2D7FD5DE1293}.Release|Any CPU.Build.0 = Release|Any CPU
		{3D8106B3-E415-4AEE-A31A-22976A88D37B}.Debug|Any CPU.ActiveCfg = Debug|Any CPU
		{3D8106B3-E415-4AEE-A31A-22976A88D37B}.Debug|Any CPU.Build.0 = Debug|Any CPU
		{3D8106B3-E415-4AEE-A31A-22976A88D37B}.Release|Any CPU.ActiveCfg = Release|Any CPU
		{3D8106B3-E415-4AEE-A31A-22976A88D37B}.Release|Any CPU.Build.0 = Release|Any CPU
		{52CA5D35-F56C-41F1-A904-9CA4D9C9A3E6}.Debug|Any CPU.ActiveCfg = Debug|Any CPU
		{52CA5D35-F56C-41F1-A904-9CA4D9C9A3E6}.Debug|Any CPU.Build.0 = Debug|Any CPU
		{52CA5D35-F56C-41F1-A904-9CA4D9C9A3E6}.Release|Any CPU.ActiveCfg = Release|Any CPU
		{52CA5D35-F56C-41F1-A904-9CA4D9C9A3E6}.Release|Any CPU.Build.0 = Release|Any CPU
		{5ADEC055-1857-45F0-8F1F-8AD314A65FA0}.Debug|Any CPU.ActiveCfg = Debug|Any CPU
		{5ADEC055-1857-45F0-8F1F-8AD314A65FA0}.Debug|Any CPU.Build.0 = Debug|Any CPU
		{5ADEC055-1857-45F0-8F1F-8AD314A65FA0}.Release|Any CPU.ActiveCfg = Release|Any CPU
		{5ADEC055-1857-45F0-8F1F-8AD314A65FA0}.Release|Any CPU.Build.0 = Release|Any CPU
		{2BA1962E-2A7F-4C42-87ED-F6FAC8726CD3}.Debug|Any CPU.ActiveCfg = Debug|Any CPU
		{2BA1962E-2A7F-4C42-87ED-F6FAC8726CD3}.Debug|Any CPU.Build.0 = Debug|Any CPU
		{2BA1962E-2A7F-4C42-87ED-F6FAC8726CD3}.Release|Any CPU.ActiveCfg = Release|Any CPU
		{2BA1962E-2A7F-4C42-87ED-F6FAC8726CD3}.Release|Any CPU.Build.0 = Release|Any CPU
		{D99C8D7A-A9C9-422E-B05F-91E34BABFFA3}.Debug|Any CPU.ActiveCfg = Debug|Any CPU
		{D99C8D7A-A9C9-422E-B05F-91E34BABFFA3}.Debug|Any CPU.Build.0 = Debug|Any CPU
		{D99C8D7A-A9C9-422E-B05F-91E34BABFFA3}.Release|Any CPU.ActiveCfg = Release|Any CPU
		{D99C8D7A-A9C9-422E-B05F-91E34BABFFA3}.Release|Any CPU.Build.0 = Release|Any CPU
		{615D3649-0FF8-4867-8D3D-9999258C8502}.Debug|Any CPU.ActiveCfg = Debug|Any CPU
		{615D3649-0FF8-4867-8D3D-9999258C8502}.Debug|Any CPU.Build.0 = Debug|Any CPU
		{615D3649-0FF8-4867-8D3D-9999258C8502}.Release|Any CPU.ActiveCfg = Release|Any CPU
		{615D3649-0FF8-4867-8D3D-9999258C8502}.Release|Any CPU.Build.0 = Release|Any CPU
		{5F35FACE-1C92-4405-9156-F806DFDD5495}.Debug|Any CPU.ActiveCfg = Debug|Any CPU
		{5F35FACE-1C92-4405-9156-F806DFDD5495}.Debug|Any CPU.Build.0 = Debug|Any CPU
		{5F35FACE-1C92-4405-9156-F806DFDD5495}.Release|Any CPU.ActiveCfg = Release|Any CPU
		{5F35FACE-1C92-4405-9156-F806DFDD5495}.Release|Any CPU.Build.0 = Release|Any CPU
		{DAC561EB-7609-4D4D-9E62-A919BBE63E21}.Debug|Any CPU.ActiveCfg = Debug|Any CPU
		{DAC561EB-7609-4D4D-9E62-A919BBE63E21}.Debug|Any CPU.Build.0 = Debug|Any CPU
		{DAC561EB-7609-4D4D-9E62-A919BBE63E21}.Release|Any CPU.ActiveCfg = Release|Any CPU
		{DAC561EB-7609-4D4D-9E62-A919BBE63E21}.Release|Any CPU.Build.0 = Release|Any CPU
		{F41D0EF2-7697-4461-A9E6-644282EC89C5}.Debug|Any CPU.ActiveCfg = Debug|Any CPU
		{F41D0EF2-7697-4461-A9E6-644282EC89C5}.Debug|Any CPU.Build.0 = Debug|Any CPU
		{F41D0EF2-7697-4461-A9E6-644282EC89C5}.Release|Any CPU.ActiveCfg = Release|Any CPU
		{F41D0EF2-7697-4461-A9E6-644282EC89C5}.Release|Any CPU.Build.0 = Release|Any CPU
		{464A2D1A-51E4-4F48-905F-F94FB821D24C}.Debug|Any CPU.ActiveCfg = Debug|Any CPU
		{464A2D1A-51E4-4F48-905F-F94FB821D24C}.Debug|Any CPU.Build.0 = Debug|Any CPU
		{464A2D1A-51E4-4F48-905F-F94FB821D24C}.Release|Any CPU.ActiveCfg = Release|Any CPU
		{464A2D1A-51E4-4F48-905F-F94FB821D24C}.Release|Any CPU.Build.0 = Release|Any CPU
		{A302AF57-6D24-4650-BBDC-920871AD95E2}.Debug|Any CPU.ActiveCfg = Debug|Any CPU
		{A302AF57-6D24-4650-BBDC-920871AD95E2}.Debug|Any CPU.Build.0 = Debug|Any CPU
		{A302AF57-6D24-4650-BBDC-920871AD95E2}.Release|Any CPU.ActiveCfg = Release|Any CPU
		{A302AF57-6D24-4650-BBDC-920871AD95E2}.Release|Any CPU.Build.0 = Release|Any CPU
		{29597E06-F45E-4C31-A9B6-FB8B70C2D994}.Debug|Any CPU.ActiveCfg = Debug|Any CPU
		{29597E06-F45E-4C31-A9B6-FB8B70C2D994}.Debug|Any CPU.Build.0 = Debug|Any CPU
		{29597E06-F45E-4C31-A9B6-FB8B70C2D994}.Release|Any CPU.ActiveCfg = Release|Any CPU
		{29597E06-F45E-4C31-A9B6-FB8B70C2D994}.Release|Any CPU.Build.0 = Release|Any CPU
		{6A55FD63-3A34-43CB-8757-B51BB18FED58}.Debug|Any CPU.ActiveCfg = Debug|Any CPU
		{6A55FD63-3A34-43CB-8757-B51BB18FED58}.Debug|Any CPU.Build.0 = Debug|Any CPU
		{6A55FD63-3A34-43CB-8757-B51BB18FED58}.Release|Any CPU.ActiveCfg = Release|Any CPU
		{6A55FD63-3A34-43CB-8757-B51BB18FED58}.Release|Any CPU.Build.0 = Release|Any CPU
		{3449AD9E-FC36-4456-AD2F-1DB0C3879611}.Debug|Any CPU.ActiveCfg = Debug|Any CPU
		{3449AD9E-FC36-4456-AD2F-1DB0C3879611}.Debug|Any CPU.Build.0 = Debug|Any CPU
		{3449AD9E-FC36-4456-AD2F-1DB0C3879611}.Release|Any CPU.ActiveCfg = Release|Any CPU
		{3449AD9E-FC36-4456-AD2F-1DB0C3879611}.Release|Any CPU.Build.0 = Release|Any CPU
		{EF5B2BA0-B6A1-4DE0-8DA1-56B2D7DC7DD5}.Debug|Any CPU.ActiveCfg = Debug|Any CPU
		{EF5B2BA0-B6A1-4DE0-8DA1-56B2D7DC7DD5}.Debug|Any CPU.Build.0 = Debug|Any CPU
		{EF5B2BA0-B6A1-4DE0-8DA1-56B2D7DC7DD5}.Release|Any CPU.ActiveCfg = Release|Any CPU
		{EF5B2BA0-B6A1-4DE0-8DA1-56B2D7DC7DD5}.Release|Any CPU.Build.0 = Release|Any CPU
		{03D667D0-BFD1-45C2-AF4B-37CF7D985720}.Debug|Any CPU.ActiveCfg = Debug|Any CPU
		{03D667D0-BFD1-45C2-AF4B-37CF7D985720}.Debug|Any CPU.Build.0 = Debug|Any CPU
		{03D667D0-BFD1-45C2-AF4B-37CF7D985720}.Release|Any CPU.ActiveCfg = Release|Any CPU
		{03D667D0-BFD1-45C2-AF4B-37CF7D985720}.Release|Any CPU.Build.0 = Release|Any CPU
		{38D2A1BC-2E4D-4638-81E3-20C2C18C1A87}.Debug|Any CPU.ActiveCfg = Debug|Any CPU
		{38D2A1BC-2E4D-4638-81E3-20C2C18C1A87}.Debug|Any CPU.Build.0 = Debug|Any CPU
		{38D2A1BC-2E4D-4638-81E3-20C2C18C1A87}.Release|Any CPU.ActiveCfg = Release|Any CPU
		{38D2A1BC-2E4D-4638-81E3-20C2C18C1A87}.Release|Any CPU.Build.0 = Release|Any CPU
		{BE1EE5CF-4386-4E06-A147-76F68119680F}.Debug|Any CPU.ActiveCfg = Debug|Any CPU
		{BE1EE5CF-4386-4E06-A147-76F68119680F}.Debug|Any CPU.Build.0 = Debug|Any CPU
		{BE1EE5CF-4386-4E06-A147-76F68119680F}.Release|Any CPU.ActiveCfg = Release|Any CPU
		{BE1EE5CF-4386-4E06-A147-76F68119680F}.Release|Any CPU.Build.0 = Release|Any CPU
		{6576934C-C16B-4A2C-8F2D-B067297DA7DD}.Debug|Any CPU.ActiveCfg = Debug|Any CPU
		{6576934C-C16B-4A2C-8F2D-B067297DA7DD}.Debug|Any CPU.Build.0 = Debug|Any CPU
		{6576934C-C16B-4A2C-8F2D-B067297DA7DD}.Release|Any CPU.ActiveCfg = Release|Any CPU
		{6576934C-C16B-4A2C-8F2D-B067297DA7DD}.Release|Any CPU.Build.0 = Release|Any CPU
		{3A619A42-0C3E-46AD-9DD6-23E53A96A86A}.Debug|Any CPU.ActiveCfg = Debug|Any CPU
		{3A619A42-0C3E-46AD-9DD6-23E53A96A86A}.Debug|Any CPU.Build.0 = Debug|Any CPU
		{3A619A42-0C3E-46AD-9DD6-23E53A96A86A}.Release|Any CPU.ActiveCfg = Release|Any CPU
		{3A619A42-0C3E-46AD-9DD6-23E53A96A86A}.Release|Any CPU.Build.0 = Release|Any CPU
		{77EBFC44-CBB2-4F11-8E68-B5913AFBCBD0}.Debug|Any CPU.ActiveCfg = Debug|Any CPU
		{77EBFC44-CBB2-4F11-8E68-B5913AFBCBD0}.Debug|Any CPU.Build.0 = Debug|Any CPU
		{77EBFC44-CBB2-4F11-8E68-B5913AFBCBD0}.Release|Any CPU.ActiveCfg = Release|Any CPU
		{77EBFC44-CBB2-4F11-8E68-B5913AFBCBD0}.Release|Any CPU.Build.0 = Release|Any CPU
		{26C42D50-C385-4A2B-873F-92ACD2A34619}.Debug|Any CPU.ActiveCfg = Debug|Any CPU
		{26C42D50-C385-4A2B-873F-92ACD2A34619}.Debug|Any CPU.Build.0 = Debug|Any CPU
		{26C42D50-C385-4A2B-873F-92ACD2A34619}.Release|Any CPU.ActiveCfg = Release|Any CPU
		{26C42D50-C385-4A2B-873F-92ACD2A34619}.Release|Any CPU.Build.0 = Release|Any CPU
		{A549EE39-EDF5-4E97-AA4C-847B03793CB0}.Debug|Any CPU.ActiveCfg = Debug|Any CPU
		{A549EE39-EDF5-4E97-AA4C-847B03793CB0}.Debug|Any CPU.Build.0 = Debug|Any CPU
		{A549EE39-EDF5-4E97-AA4C-847B03793CB0}.Release|Any CPU.ActiveCfg = Release|Any CPU
		{A549EE39-EDF5-4E97-AA4C-847B03793CB0}.Release|Any CPU.Build.0 = Release|Any CPU
		{46D0F820-E402-4C60-8B5D-E404D8886D2D}.Debug|Any CPU.ActiveCfg = Debug|Any CPU
		{46D0F820-E402-4C60-8B5D-E404D8886D2D}.Debug|Any CPU.Build.0 = Debug|Any CPU
		{46D0F820-E402-4C60-8B5D-E404D8886D2D}.Release|Any CPU.ActiveCfg = Release|Any CPU
		{46D0F820-E402-4C60-8B5D-E404D8886D2D}.Release|Any CPU.Build.0 = Release|Any CPU
		{9D3633CA-D7BC-4A9B-9100-F5346B5164B4}.Debug|Any CPU.ActiveCfg = Debug|Any CPU
		{9D3633CA-D7BC-4A9B-9100-F5346B5164B4}.Debug|Any CPU.Build.0 = Debug|Any CPU
		{9D3633CA-D7BC-4A9B-9100-F5346B5164B4}.Release|Any CPU.ActiveCfg = Release|Any CPU
		{9D3633CA-D7BC-4A9B-9100-F5346B5164B4}.Release|Any CPU.Build.0 = Release|Any CPU
		{23034AEA-764D-404A-8FE3-70D35977991D}.Debug|Any CPU.ActiveCfg = Debug|Any CPU
		{23034AEA-764D-404A-8FE3-70D35977991D}.Debug|Any CPU.Build.0 = Debug|Any CPU
		{23034AEA-764D-404A-8FE3-70D35977991D}.Release|Any CPU.ActiveCfg = Release|Any CPU
		{23034AEA-764D-404A-8FE3-70D35977991D}.Release|Any CPU.Build.0 = Release|Any CPU
		{8CDE40C4-D2B6-469A-86E7-684C8D59EC30}.Debug|Any CPU.ActiveCfg = Debug|Any CPU
		{8CDE40C4-D2B6-469A-86E7-684C8D59EC30}.Debug|Any CPU.Build.0 = Debug|Any CPU
		{8CDE40C4-D2B6-469A-86E7-684C8D59EC30}.Release|Any CPU.ActiveCfg = Release|Any CPU
		{8CDE40C4-D2B6-469A-86E7-684C8D59EC30}.Release|Any CPU.Build.0 = Release|Any CPU
		{B0628BE4-FD2F-489F-93B5-AEF5D60B43C6}.Debug|Any CPU.ActiveCfg = Debug|Any CPU
		{B0628BE4-FD2F-489F-93B5-AEF5D60B43C6}.Debug|Any CPU.Build.0 = Debug|Any CPU
		{B0628BE4-FD2F-489F-93B5-AEF5D60B43C6}.Release|Any CPU.ActiveCfg = Release|Any CPU
		{B0628BE4-FD2F-489F-93B5-AEF5D60B43C6}.Release|Any CPU.Build.0 = Release|Any CPU
		{F07F3280-DA20-493B-B4BF-5B9B800EA86A}.Debug|Any CPU.ActiveCfg = Debug|Any CPU
		{F07F3280-DA20-493B-B4BF-5B9B800EA86A}.Debug|Any CPU.Build.0 = Debug|Any CPU
		{F07F3280-DA20-493B-B4BF-5B9B800EA86A}.Release|Any CPU.ActiveCfg = Release|Any CPU
		{F07F3280-DA20-493B-B4BF-5B9B800EA86A}.Release|Any CPU.Build.0 = Release|Any CPU
		{07A65959-2887-4993-BEE7-5DCC2F2D67F1}.Debug|Any CPU.ActiveCfg = Debug|Any CPU
		{07A65959-2887-4993-BEE7-5DCC2F2D67F1}.Debug|Any CPU.Build.0 = Debug|Any CPU
		{07A65959-2887-4993-BEE7-5DCC2F2D67F1}.Release|Any CPU.ActiveCfg = Release|Any CPU
		{07A65959-2887-4993-BEE7-5DCC2F2D67F1}.Release|Any CPU.Build.0 = Release|Any CPU
		{240025A2-E9EE-4412-830B-A667279831BD}.Debug|Any CPU.ActiveCfg = Debug|Any CPU
		{240025A2-E9EE-4412-830B-A667279831BD}.Debug|Any CPU.Build.0 = Debug|Any CPU
		{240025A2-E9EE-4412-830B-A667279831BD}.Release|Any CPU.ActiveCfg = Release|Any CPU
		{240025A2-E9EE-4412-830B-A667279831BD}.Release|Any CPU.Build.0 = Release|Any CPU
		{7B132088-572E-4308-ADA5-36E31813BB99}.Debug|Any CPU.ActiveCfg = Debug|Any CPU
		{7B132088-572E-4308-ADA5-36E31813BB99}.Debug|Any CPU.Build.0 = Debug|Any CPU
		{7B132088-572E-4308-ADA5-36E31813BB99}.Release|Any CPU.ActiveCfg = Release|Any CPU
		{7B132088-572E-4308-ADA5-36E31813BB99}.Release|Any CPU.Build.0 = Release|Any CPU
		{D628D99B-775B-4B44-BF6E-FB5DE16557EA}.Debug|Any CPU.ActiveCfg = Debug|Any CPU
		{D628D99B-775B-4B44-BF6E-FB5DE16557EA}.Debug|Any CPU.Build.0 = Debug|Any CPU
		{D628D99B-775B-4B44-BF6E-FB5DE16557EA}.Release|Any CPU.ActiveCfg = Release|Any CPU
		{D628D99B-775B-4B44-BF6E-FB5DE16557EA}.Release|Any CPU.Build.0 = Release|Any CPU
		{804636FD-F7E1-4EE1-903E-6C410449AC99}.Debug|Any CPU.ActiveCfg = Debug|Any CPU
		{804636FD-F7E1-4EE1-903E-6C410449AC99}.Debug|Any CPU.Build.0 = Debug|Any CPU
		{804636FD-F7E1-4EE1-903E-6C410449AC99}.Release|Any CPU.ActiveCfg = Release|Any CPU
		{804636FD-F7E1-4EE1-903E-6C410449AC99}.Release|Any CPU.Build.0 = Release|Any CPU
	EndGlobalSection
	GlobalSection(SolutionProperties) = preSolution
		HideSolutionNode = FALSE
	EndGlobalSection
	GlobalSection(ExtensibilityGlobals) = postSolution
		SolutionGuid = {8B8F23D4-7968-414E-A72C-26704444A33C}
	EndGlobalSection
EndGlobal
