
Microsoft Visual Studio Solution File, Format Version 12.00
# Visual Studio Version 16
VisualStudioVersion = 16.0.31424.327
MinimumVisualStudioVersion = 10.0.40219.1
Project("{9A19103F-16F7-4668-BE54-9A1E7A4F7556}") = "1.RemoveDuplicates", "1.RemoveDuplicates\1.RemoveDuplicates.csproj", "{D4AF99E3-465F-476E-B426-B338AA062276}"
EndProject
Project("{9A19103F-16F7-4668-BE54-9A1E7A4F7556}") = "2.MaxProfit", "2.MaxProfit\2.MaxProfit.csproj", "{AE361637-F1C6-446D-BEB5-088A96A9E0EC}"
EndProject
Project("{9A19103F-16F7-4668-BE54-9A1E7A4F7556}") = "3.RotateArray", "3.RotateArray\3.RotateArray.csproj", "{44C808F6-7428-4BF5-95CC-D9ACE0704743}"
EndProject
Project("{9A19103F-16F7-4668-BE54-9A1E7A4F7556}") = "4.ContainsDuplicate", "4.ContainsDuplicate\4.ContainsDuplicate.csproj", "{F3998078-D0A1-4856-96D8-437FC86BA6C1}"
EndProject
Project("{9A19103F-16F7-4668-BE54-9A1E7A4F7556}") = "5.SingleNumber", "5.SingleNumber\5.SingleNumber.csproj", "{70BCE970-84F8-4646-B3A9-BA9370A99176}"
EndProject
Project("{9A19103F-16F7-4668-BE54-9A1E7A4F7556}") = "6.Intersect", "6.Intersect\6.Intersect.csproj", "{3A1E8200-D001-4F9C-A684-8DF276F9B626}"
EndProject
Project("{9A19103F-16F7-4668-BE54-9A1E7A4F7556}") = "7.PlusOne", "7.PlusOne\7.PlusOne.csproj", "{6A5D50D2-2AB5-4BB9-ADF5-C8BA765202A3}"
EndProject
Project("{FAE04EC0-301F-11D3-BF4B-00C04F79EFBC}") = "8.MoveZeroes", "8.MoveZeroes\8.MoveZeroes.csproj", "{6136C29A-C4F2-44F6-A6A1-FC87140B5327}"
EndProject
Global
	GlobalSection(SolutionConfigurationPlatforms) = preSolution
		Debug|Any CPU = Debug|Any CPU
		Release|Any CPU = Release|Any CPU
	EndGlobalSection
	GlobalSection(ProjectConfigurationPlatforms) = postSolution
		{D4AF99E3-465F-476E-B426-B338AA062276}.Debug|Any CPU.ActiveCfg = Debug|Any CPU
		{D4AF99E3-465F-476E-B426-B338AA062276}.Debug|Any CPU.Build.0 = Debug|Any CPU
		{D4AF99E3-465F-476E-B426-B338AA062276}.Release|Any CPU.ActiveCfg = Release|Any CPU
		{D4AF99E3-465F-476E-B426-B338AA062276}.Release|Any CPU.Build.0 = Release|Any CPU
		{AE361637-F1C6-446D-BEB5-088A96A9E0EC}.Debug|Any CPU.ActiveCfg = Debug|Any CPU
		{AE361637-F1C6-446D-BEB5-088A96A9E0EC}.Debug|Any CPU.Build.0 = Debug|Any CPU
		{AE361637-F1C6-446D-BEB5-088A96A9E0EC}.Release|Any CPU.ActiveCfg = Release|Any CPU
		{AE361637-F1C6-446D-BEB5-088A96A9E0EC}.Release|Any CPU.Build.0 = Release|Any CPU
		{44C808F6-7428-4BF5-95CC-D9ACE0704743}.Debug|Any CPU.ActiveCfg = Debug|Any CPU
		{44C808F6-7428-4BF5-95CC-D9ACE0704743}.Debug|Any CPU.Build.0 = Debug|Any CPU
		{44C808F6-7428-4BF5-95CC-D9ACE0704743}.Release|Any CPU.ActiveCfg = Release|Any CPU
		{44C808F6-7428-4BF5-95CC-D9ACE0704743}.Release|Any CPU.Build.0 = Release|Any CPU
		{F3998078-D0A1-4856-96D8-437FC86BA6C1}.Debug|Any CPU.ActiveCfg = Debug|Any CPU
		{F3998078-D0A1-4856-96D8-437FC86BA6C1}.Debug|Any CPU.Build.0 = Debug|Any CPU
		{F3998078-D0A1-4856-96D8-437FC86BA6C1}.Release|Any CPU.ActiveCfg = Release|Any CPU
		{F3998078-D0A1-4856-96D8-437FC86BA6C1}.Release|Any CPU.Build.0 = Release|Any CPU
		{70BCE970-84F8-4646-B3A9-BA9370A99176}.Debug|Any CPU.ActiveCfg = Debug|Any CPU
		{70BCE970-84F8-4646-B3A9-BA9370A99176}.Debug|Any CPU.Build.0 = Debug|Any CPU
		{70BCE970-84F8-4646-B3A9-BA9370A99176}.Release|Any CPU.ActiveCfg = Release|Any CPU
		{70BCE970-84F8-4646-B3A9-BA9370A99176}.Release|Any CPU.Build.0 = Release|Any CPU
		{3A1E8200-D001-4F9C-A684-8DF276F9B626}.Debug|Any CPU.ActiveCfg = Debug|Any CPU
		{3A1E8200-D001-4F9C-A684-8DF276F9B626}.Debug|Any CPU.Build.0 = Debug|Any CPU
		{3A1E8200-D001-4F9C-A684-8DF276F9B626}.Release|Any CPU.ActiveCfg = Release|Any CPU
		{3A1E8200-D001-4F9C-A684-8DF276F9B626}.Release|Any CPU.Build.0 = Release|Any CPU
		{6A5D50D2-2AB5-4BB9-ADF5-C8BA765202A3}.Debug|Any CPU.ActiveCfg = Debug|Any CPU
		{6A5D50D2-2AB5-4BB9-ADF5-C8BA765202A3}.Debug|Any CPU.Build.0 = Debug|Any CPU
		{6A5D50D2-2AB5-4BB9-ADF5-C8BA765202A3}.Release|Any CPU.ActiveCfg = Release|Any CPU
		{6A5D50D2-2AB5-4BB9-ADF5-C8BA765202A3}.Release|Any CPU.Build.0 = Release|Any CPU
		{6136C29A-C4F2-44F6-A6A1-FC87140B5327}.Debug|Any CPU.ActiveCfg = Debug|Any CPU
		{6136C29A-C4F2-44F6-A6A1-FC87140B5327}.Debug|Any CPU.Build.0 = Debug|Any CPU
		{6136C29A-C4F2-44F6-A6A1-FC87140B5327}.Release|Any CPU.ActiveCfg = Release|Any CPU
		{6136C29A-C4F2-44F6-A6A1-FC87140B5327}.Release|Any CPU.Build.0 = Release|Any CPU
	EndGlobalSection
	GlobalSection(SolutionProperties) = preSolution
		HideSolutionNode = FALSE
	EndGlobalSection
	GlobalSection(ExtensibilityGlobals) = postSolution
		SolutionGuid = {8B8F23D4-7968-414E-A72C-26704444A33C}
	EndGlobalSection
EndGlobal
